
Microsoft Visual Studio Solution File, Format Version 12.00
# Visual Studio 15
VisualStudioVersion = 15.0.26403.7
MinimumVisualStudioVersion = 10.0.40219.1
Project("{2150E333-8FDC-42A3-9474-1A3956D46DE8}") = "Solution Items", "Solution Items", "{BC4119EA-3064-4B66-9D17-0607867B870C}"
	ProjectSection(SolutionItems) = preProject
		build.bat = build.bat
		build_dotnet.bat = build_dotnet.bat
		build_final.bat = build_final.bat
		build_msbuild.bat = build_msbuild.bat
		clear_package.bat = clear_package.bat
		LICENSE.txt = LICENSE.txt
		package.bat = package.bat
		package_final.bat = package_final.bat
		readme.md = readme.md
		Theraot.nuspec = Theraot.nuspec
		version.txt = version.txt
	EndProjectSection
EndProject
Project("{FAE04EC0-301F-11D3-BF4B-00C04F79EFBC}") = "Tests", "Tests\Tests.csproj", "{F4C29B9E-2C6A-4556-9B90-A15841FF6F78}"
EndProject
Project("{9A19103F-16F7-4668-BE54-9A1E7A4F7556}") = "Core.Core", "Core.Core\Core.Core.csproj", "{F759165E-57BE-4FB2-9A95-036095302837}"
EndProject
Project("{FAE04EC0-301F-11D3-BF4B-00C04F79EFBC}") = "Framekwork.Core", "Framework.Core\Framekwork.Core.csproj", "{B5078871-4299-49ED-B921-3B5EBE57336A}"
EndProject
Global
	GlobalSection(SolutionConfigurationPlatforms) = preSolution
		Debug|Any CPU = Debug|Any CPU
		NET20_Debug|Any CPU = NET20_Debug|Any CPU
		NET20_FAT|Any CPU = NET20_FAT|Any CPU
		NET20|Any CPU = NET20|Any CPU
		NET30_Debug|Any CPU = NET30_Debug|Any CPU
		NET30_FAT|Any CPU = NET30_FAT|Any CPU
		NET30|Any CPU = NET30|Any CPU
		NET35_Debug|Any CPU = NET35_Debug|Any CPU
		NET35_FAT|Any CPU = NET35_FAT|Any CPU
		NET35|Any CPU = NET35|Any CPU
		NET40_Debug|Any CPU = NET40_Debug|Any CPU
		NET40_FAT|Any CPU = NET40_FAT|Any CPU
		NET40|Any CPU = NET40|Any CPU
		NET45_Debug|Any CPU = NET45_Debug|Any CPU
		NET45_FAT|Any CPU = NET45_FAT|Any CPU
		NET45|Any CPU = NET45|Any CPU
		netcoreapp1.0_Debug|Any CPU = netcoreapp1.0_Debug|Any CPU
		netcoreapp1.0|Any CPU = netcoreapp1.0|Any CPU
		netcoreapp1.1_Debug|Any CPU = netcoreapp1.1_Debug|Any CPU
		netcoreapp1.1|Any CPU = netcoreapp1.1|Any CPU
		netcoreapp2.0_Debug|Any CPU = netcoreapp2.0_Debug|Any CPU
		netcoreapp2.0|Any CPU = netcoreapp2.0|Any CPU
		netcoreapp2.1_Debug|Any CPU = netcoreapp2.1_Debug|Any CPU
		netcoreapp2.1|Any CPU = netcoreapp2.1|Any CPU
		netstandard1.0|Any CPU = netstandard1.0|Any CPU
		netstandard1.1|Any CPU = netstandard1.1|Any CPU
		netstandard1.2|Any CPU = netstandard1.2|Any CPU
		netstandard1.3|Any CPU = netstandard1.3|Any CPU
		netstandard1.4|Any CPU = netstandard1.4|Any CPU
		netstandard1.5|Any CPU = netstandard1.5|Any CPU
		netstandard1.6|Any CPU = netstandard1.6|Any CPU
		netstandard2.0|Any CPU = netstandard2.0|Any CPU
		Release|Any CPU = Release|Any CPU
	EndGlobalSection
	GlobalSection(ProjectConfigurationPlatforms) = postSolution
		{F4C29B9E-2C6A-4556-9B90-A15841FF6F78}.Debug|Any CPU.ActiveCfg = Debug|Any CPU
		{F4C29B9E-2C6A-4556-9B90-A15841FF6F78}.Debug|Any CPU.Build.0 = Debug|Any CPU
		{F4C29B9E-2C6A-4556-9B90-A15841FF6F78}.NET20_Debug|Any CPU.ActiveCfg = NET20_Debug|Any CPU
		{F4C29B9E-2C6A-4556-9B90-A15841FF6F78}.NET20_Debug|Any CPU.Build.0 = NET20_Debug|Any CPU
		{F4C29B9E-2C6A-4556-9B90-A15841FF6F78}.NET20_FAT|Any CPU.ActiveCfg = NET20_FAT|Any CPU
		{F4C29B9E-2C6A-4556-9B90-A15841FF6F78}.NET20_FAT|Any CPU.Build.0 = NET20_FAT|Any CPU
		{F4C29B9E-2C6A-4556-9B90-A15841FF6F78}.NET20|Any CPU.ActiveCfg = NET20|Any CPU
		{F4C29B9E-2C6A-4556-9B90-A15841FF6F78}.NET20|Any CPU.Build.0 = NET20|Any CPU
		{F4C29B9E-2C6A-4556-9B90-A15841FF6F78}.NET30_Debug|Any CPU.ActiveCfg = NET30_Debug|Any CPU
		{F4C29B9E-2C6A-4556-9B90-A15841FF6F78}.NET30_Debug|Any CPU.Build.0 = NET30_Debug|Any CPU
		{F4C29B9E-2C6A-4556-9B90-A15841FF6F78}.NET30_FAT|Any CPU.ActiveCfg = NET30_FAT|Any CPU
		{F4C29B9E-2C6A-4556-9B90-A15841FF6F78}.NET30_FAT|Any CPU.Build.0 = NET30_FAT|Any CPU
		{F4C29B9E-2C6A-4556-9B90-A15841FF6F78}.NET30|Any CPU.ActiveCfg = NET30|Any CPU
		{F4C29B9E-2C6A-4556-9B90-A15841FF6F78}.NET30|Any CPU.Build.0 = NET30|Any CPU
		{F4C29B9E-2C6A-4556-9B90-A15841FF6F78}.NET35_Debug|Any CPU.ActiveCfg = NET35_Debug|Any CPU
		{F4C29B9E-2C6A-4556-9B90-A15841FF6F78}.NET35_Debug|Any CPU.Build.0 = NET35_Debug|Any CPU
		{F4C29B9E-2C6A-4556-9B90-A15841FF6F78}.NET35_FAT|Any CPU.ActiveCfg = NET35_FAT|Any CPU
		{F4C29B9E-2C6A-4556-9B90-A15841FF6F78}.NET35_FAT|Any CPU.Build.0 = NET35_FAT|Any CPU
		{F4C29B9E-2C6A-4556-9B90-A15841FF6F78}.NET35|Any CPU.ActiveCfg = NET35|Any CPU
		{F4C29B9E-2C6A-4556-9B90-A15841FF6F78}.NET35|Any CPU.Build.0 = NET35|Any CPU
		{F4C29B9E-2C6A-4556-9B90-A15841FF6F78}.NET40_Debug|Any CPU.ActiveCfg = NET40_Debug|Any CPU
		{F4C29B9E-2C6A-4556-9B90-A15841FF6F78}.NET40_Debug|Any CPU.Build.0 = NET40_Debug|Any CPU
		{F4C29B9E-2C6A-4556-9B90-A15841FF6F78}.NET40_FAT|Any CPU.ActiveCfg = NET40_FAT|Any CPU
		{F4C29B9E-2C6A-4556-9B90-A15841FF6F78}.NET40_FAT|Any CPU.Build.0 = NET40_FAT|Any CPU
		{F4C29B9E-2C6A-4556-9B90-A15841FF6F78}.NET40|Any CPU.ActiveCfg = NET40|Any CPU
		{F4C29B9E-2C6A-4556-9B90-A15841FF6F78}.NET40|Any CPU.Build.0 = NET40|Any CPU
		{F4C29B9E-2C6A-4556-9B90-A15841FF6F78}.NET45_Debug|Any CPU.ActiveCfg = NET45_Debug|Any CPU
		{F4C29B9E-2C6A-4556-9B90-A15841FF6F78}.NET45_Debug|Any CPU.Build.0 = NET45_Debug|Any CPU
		{F4C29B9E-2C6A-4556-9B90-A15841FF6F78}.NET45_FAT|Any CPU.ActiveCfg = NET45_FAT|Any CPU
		{F4C29B9E-2C6A-4556-9B90-A15841FF6F78}.NET45_FAT|Any CPU.Build.0 = NET45_FAT|Any CPU
		{F4C29B9E-2C6A-4556-9B90-A15841FF6F78}.NET45|Any CPU.ActiveCfg = NET45|Any CPU
		{F4C29B9E-2C6A-4556-9B90-A15841FF6F78}.NET45|Any CPU.Build.0 = NET45|Any CPU
		{F4C29B9E-2C6A-4556-9B90-A15841FF6F78}.netcoreapp1.0_Debug|Any CPU.ActiveCfg = Debug|Any CPU
		{F4C29B9E-2C6A-4556-9B90-A15841FF6F78}.netcoreapp1.0|Any CPU.ActiveCfg = Release|Any CPU
		{F4C29B9E-2C6A-4556-9B90-A15841FF6F78}.netcoreapp1.1_Debug|Any CPU.ActiveCfg = Debug|Any CPU
		{F4C29B9E-2C6A-4556-9B90-A15841FF6F78}.netcoreapp1.1|Any CPU.ActiveCfg = Release|Any CPU
		{F4C29B9E-2C6A-4556-9B90-A15841FF6F78}.netcoreapp2.0_Debug|Any CPU.ActiveCfg = Debug|Any CPU
		{F4C29B9E-2C6A-4556-9B90-A15841FF6F78}.netcoreapp2.0|Any CPU.ActiveCfg = Release|Any CPU
		{F4C29B9E-2C6A-4556-9B90-A15841FF6F78}.netcoreapp2.1_Debug|Any CPU.ActiveCfg = Debug|Any CPU
		{F4C29B9E-2C6A-4556-9B90-A15841FF6F78}.netcoreapp2.1|Any CPU.ActiveCfg = Release|Any CPU
		{F4C29B9E-2C6A-4556-9B90-A15841FF6F78}.netstandard1.0|Any CPU.ActiveCfg = Release|Any CPU
		{F4C29B9E-2C6A-4556-9B90-A15841FF6F78}.netstandard1.1|Any CPU.ActiveCfg = Release|Any CPU
		{F4C29B9E-2C6A-4556-9B90-A15841FF6F78}.netstandard1.2|Any CPU.ActiveCfg = Release|Any CPU
		{F4C29B9E-2C6A-4556-9B90-A15841FF6F78}.netstandard1.3|Any CPU.ActiveCfg = Release|Any CPU
		{F4C29B9E-2C6A-4556-9B90-A15841FF6F78}.netstandard1.4|Any CPU.ActiveCfg = Release|Any CPU
		{F4C29B9E-2C6A-4556-9B90-A15841FF6F78}.netstandard1.5|Any CPU.ActiveCfg = Release|Any CPU
		{F4C29B9E-2C6A-4556-9B90-A15841FF6F78}.netstandard1.6|Any CPU.ActiveCfg = Release|Any CPU
		{F4C29B9E-2C6A-4556-9B90-A15841FF6F78}.netstandard2.0|Any CPU.ActiveCfg = Release|Any CPU
		{F4C29B9E-2C6A-4556-9B90-A15841FF6F78}.Release|Any CPU.ActiveCfg = Release|Any CPU
		{F4C29B9E-2C6A-4556-9B90-A15841FF6F78}.Release|Any CPU.Build.0 = Release|Any CPU
		{F759165E-57BE-4FB2-9A95-036095302837}.Debug|Any CPU.ActiveCfg = Debug|Any CPU
		{F759165E-57BE-4FB2-9A95-036095302837}.Debug|Any CPU.Build.0 = Debug|Any CPU
		{F759165E-57BE-4FB2-9A95-036095302837}.NET20_Debug|Any CPU.ActiveCfg = Debug|Any CPU
		{F759165E-57BE-4FB2-9A95-036095302837}.NET20_FAT|Any CPU.ActiveCfg = Release|Any CPU
		{F759165E-57BE-4FB2-9A95-036095302837}.NET20|Any CPU.ActiveCfg = Release|Any CPU
		{F759165E-57BE-4FB2-9A95-036095302837}.NET30_Debug|Any CPU.ActiveCfg = Debug|Any CPU
		{F759165E-57BE-4FB2-9A95-036095302837}.NET30_FAT|Any CPU.ActiveCfg = Release|Any CPU
		{F759165E-57BE-4FB2-9A95-036095302837}.NET30|Any CPU.ActiveCfg = Release|Any CPU
		{F759165E-57BE-4FB2-9A95-036095302837}.NET35_Debug|Any CPU.ActiveCfg = Debug|Any CPU
		{F759165E-57BE-4FB2-9A95-036095302837}.NET35_FAT|Any CPU.ActiveCfg = Release|Any CPU
		{F759165E-57BE-4FB2-9A95-036095302837}.NET35|Any CPU.ActiveCfg = Release|Any CPU
		{F759165E-57BE-4FB2-9A95-036095302837}.NET40_Debug|Any CPU.ActiveCfg = Debug|Any CPU
		{F759165E-57BE-4FB2-9A95-036095302837}.NET40_FAT|Any CPU.ActiveCfg = Release|Any CPU
		{F759165E-57BE-4FB2-9A95-036095302837}.NET40|Any CPU.ActiveCfg = Release|Any CPU
		{F759165E-57BE-4FB2-9A95-036095302837}.NET45_Debug|Any CPU.ActiveCfg = Debug|Any CPU
		{F759165E-57BE-4FB2-9A95-036095302837}.NET45_FAT|Any CPU.ActiveCfg = Release|Any CPU
		{F759165E-57BE-4FB2-9A95-036095302837}.NET45|Any CPU.ActiveCfg = Release|Any CPU
		{F759165E-57BE-4FB2-9A95-036095302837}.netcoreapp1.0_Debug|Any CPU.ActiveCfg = netcoreapp1.0_Debug|Any CPU
		{F759165E-57BE-4FB2-9A95-036095302837}.netcoreapp1.0_Debug|Any CPU.Build.0 = netcoreapp1.0_Debug|Any CPU
		{F759165E-57BE-4FB2-9A95-036095302837}.netcoreapp1.0|Any CPU.ActiveCfg = netcoreapp1.0|Any CPU
		{F759165E-57BE-4FB2-9A95-036095302837}.netcoreapp1.0|Any CPU.Build.0 = netcoreapp1.0|Any CPU
		{F759165E-57BE-4FB2-9A95-036095302837}.netcoreapp1.1_Debug|Any CPU.ActiveCfg = netcoreapp1.1_Debug|Any CPU
		{F759165E-57BE-4FB2-9A95-036095302837}.netcoreapp1.1_Debug|Any CPU.Build.0 = netcoreapp1.1_Debug|Any CPU
		{F759165E-57BE-4FB2-9A95-036095302837}.netcoreapp1.1|Any CPU.ActiveCfg = netcoreapp1.1|Any CPU
		{F759165E-57BE-4FB2-9A95-036095302837}.netcoreapp1.1|Any CPU.Build.0 = netcoreapp1.1|Any CPU
		{F759165E-57BE-4FB2-9A95-036095302837}.netcoreapp2.0_Debug|Any CPU.ActiveCfg = netcoreapp2.0_Debug|Any CPU
		{F759165E-57BE-4FB2-9A95-036095302837}.netcoreapp2.0_Debug|Any CPU.Build.0 = netcoreapp2.0_Debug|Any CPU
		{F759165E-57BE-4FB2-9A95-036095302837}.netcoreapp2.0|Any CPU.ActiveCfg = netcoreapp2.0|Any CPU
		{F759165E-57BE-4FB2-9A95-036095302837}.netcoreapp2.0|Any CPU.Build.0 = netcoreapp2.0|Any CPU
		{F759165E-57BE-4FB2-9A95-036095302837}.netcoreapp2.1_Debug|Any CPU.ActiveCfg = netcoreapp2.0_Debug|Any CPU
		{F759165E-57BE-4FB2-9A95-036095302837}.netcoreapp2.1_Debug|Any CPU.Build.0 = netcoreapp2.0_Debug|Any CPU
		{F759165E-57BE-4FB2-9A95-036095302837}.netcoreapp2.1|Any CPU.ActiveCfg = netcoreapp2.0|Any CPU
		{F759165E-57BE-4FB2-9A95-036095302837}.netcoreapp2.1|Any CPU.Build.0 = netcoreapp2.0|Any CPU
		{F759165E-57BE-4FB2-9A95-036095302837}.netstandard1.0|Any CPU.ActiveCfg = Release|Any CPU
		{F759165E-57BE-4FB2-9A95-036095302837}.netstandard1.1|Any CPU.ActiveCfg = Release|Any CPU
		{F759165E-57BE-4FB2-9A95-036095302837}.netstandard1.2|Any CPU.ActiveCfg = Release|Any CPU
		{F759165E-57BE-4FB2-9A95-036095302837}.netstandard1.3|Any CPU.ActiveCfg = Release|Any CPU
		{F759165E-57BE-4FB2-9A95-036095302837}.netstandard1.4|Any CPU.ActiveCfg = Release|Any CPU
		{F759165E-57BE-4FB2-9A95-036095302837}.netstandard1.5|Any CPU.ActiveCfg = Release|Any CPU
		{F759165E-57BE-4FB2-9A95-036095302837}.netstandard1.6|Any CPU.ActiveCfg = Release|Any CPU
		{F759165E-57BE-4FB2-9A95-036095302837}.netstandard2.0|Any CPU.ActiveCfg = Release|Any CPU
		{F759165E-57BE-4FB2-9A95-036095302837}.Release|Any CPU.ActiveCfg = Release|Any CPU
		{F759165E-57BE-4FB2-9A95-036095302837}.Release|Any CPU.Build.0 = Release|Any CPU
		{B5078871-4299-49ED-B921-3B5EBE57336A}.Debug|Any CPU.ActiveCfg = Debug|Any CPU
		{B5078871-4299-49ED-B921-3B5EBE57336A}.Debug|Any CPU.Build.0 = Debug|Any CPU
		{B5078871-4299-49ED-B921-3B5EBE57336A}.NET20_Debug|Any CPU.ActiveCfg = NET20_Debug|Any CPU
		{B5078871-4299-49ED-B921-3B5EBE57336A}.NET20_Debug|Any CPU.Build.0 = NET20_Debug|Any CPU
		{B5078871-4299-49ED-B921-3B5EBE57336A}.NET20_FAT|Any CPU.ActiveCfg = NET20_FAT|Any CPU
		{B5078871-4299-49ED-B921-3B5EBE57336A}.NET20_FAT|Any CPU.Build.0 = NET20_FAT|Any CPU
		{B5078871-4299-49ED-B921-3B5EBE57336A}.NET20|Any CPU.ActiveCfg = NET20|Any CPU
		{B5078871-4299-49ED-B921-3B5EBE57336A}.NET20|Any CPU.Build.0 = NET20|Any CPU
		{B5078871-4299-49ED-B921-3B5EBE57336A}.NET30_Debug|Any CPU.ActiveCfg = NET30_Debug|Any CPU
		{B5078871-4299-49ED-B921-3B5EBE57336A}.NET30_Debug|Any CPU.Build.0 = NET30_Debug|Any CPU
		{B5078871-4299-49ED-B921-3B5EBE57336A}.NET30_FAT|Any CPU.ActiveCfg = NET30_FAT|Any CPU
		{B5078871-4299-49ED-B921-3B5EBE57336A}.NET30_FAT|Any CPU.Build.0 = NET30_FAT|Any CPU
		{B5078871-4299-49ED-B921-3B5EBE57336A}.NET30|Any CPU.ActiveCfg = NET30|Any CPU
		{B5078871-4299-49ED-B921-3B5EBE57336A}.NET30|Any CPU.Build.0 = NET30|Any CPU
		{B5078871-4299-49ED-B921-3B5EBE57336A}.NET35_Debug|Any CPU.ActiveCfg = NET35_Debug|Any CPU
		{B5078871-4299-49ED-B921-3B5EBE57336A}.NET35_Debug|Any CPU.Build.0 = NET35_Debug|Any CPU
		{B5078871-4299-49ED-B921-3B5EBE57336A}.NET35_FAT|Any CPU.ActiveCfg = NET35_FAT|Any CPU
		{B5078871-4299-49ED-B921-3B5EBE57336A}.NET35_FAT|Any CPU.Build.0 = NET35_FAT|Any CPU
		{B5078871-4299-49ED-B921-3B5EBE57336A}.NET35|Any CPU.ActiveCfg = NET35|Any CPU
		{B5078871-4299-49ED-B921-3B5EBE57336A}.NET35|Any CPU.Build.0 = NET35|Any CPU
		{B5078871-4299-49ED-B921-3B5EBE57336A}.NET40_Debug|Any CPU.ActiveCfg = NET40_Debug|Any CPU
		{B5078871-4299-49ED-B921-3B5EBE57336A}.NET40_Debug|Any CPU.Build.0 = NET40_Debug|Any CPU
		{B5078871-4299-49ED-B921-3B5EBE57336A}.NET40_FAT|Any CPU.ActiveCfg = NET40_FAT|Any CPU
		{B5078871-4299-49ED-B921-3B5EBE57336A}.NET40_FAT|Any CPU.Build.0 = NET40_FAT|Any CPU
		{B5078871-4299-49ED-B921-3B5EBE57336A}.NET40|Any CPU.ActiveCfg = NET40|Any CPU
		{B5078871-4299-49ED-B921-3B5EBE57336A}.NET40|Any CPU.Build.0 = NET40|Any CPU
		{B5078871-4299-49ED-B921-3B5EBE57336A}.NET45_Debug|Any CPU.ActiveCfg = NET45_Debug|Any CPU
		{B5078871-4299-49ED-B921-3B5EBE57336A}.NET45_Debug|Any CPU.Build.0 = NET45_Debug|Any CPU
		{B5078871-4299-49ED-B921-3B5EBE57336A}.NET45_FAT|Any CPU.ActiveCfg = NET45_FAT|Any CPU
		{B5078871-4299-49ED-B921-3B5EBE57336A}.NET45_FAT|Any CPU.Build.0 = NET45_FAT|Any CPU
		{B5078871-4299-49ED-B921-3B5EBE57336A}.NET45|Any CPU.ActiveCfg = NET45|Any CPU
		{B5078871-4299-49ED-B921-3B5EBE57336A}.NET45|Any CPU.Build.0 = NET45|Any CPU
		{B5078871-4299-49ED-B921-3B5EBE57336A}.netcoreapp1.0_Debug|Any CPU.ActiveCfg = Debug|Any CPU
		{B5078871-4299-49ED-B921-3B5EBE57336A}.netcoreapp1.0|Any CPU.ActiveCfg = Release|Any CPU
		{B5078871-4299-49ED-B921-3B5EBE57336A}.netcoreapp1.1_Debug|Any CPU.ActiveCfg = Debug|Any CPU
		{B5078871-4299-49ED-B921-3B5EBE57336A}.netcoreapp1.1|Any CPU.ActiveCfg = Release|Any CPU
		{B5078871-4299-49ED-B921-3B5EBE57336A}.netcoreapp2.0_Debug|Any CPU.ActiveCfg = Debug|Any CPU
		{B5078871-4299-49ED-B921-3B5EBE57336A}.netcoreapp2.0|Any CPU.ActiveCfg = Release|Any CPU
		{B5078871-4299-49ED-B921-3B5EBE57336A}.netcoreapp2.1_Debug|Any CPU.ActiveCfg = Debug|Any CPU
		{B5078871-4299-49ED-B921-3B5EBE57336A}.netcoreapp2.1|Any CPU.ActiveCfg = Release|Any CPU
		{B5078871-4299-49ED-B921-3B5EBE57336A}.netstandard1.0|Any CPU.ActiveCfg = Release|Any CPU
		{B5078871-4299-49ED-B921-3B5EBE57336A}.netstandard1.1|Any CPU.ActiveCfg = Release|Any CPU
		{B5078871-4299-49ED-B921-3B5EBE57336A}.netstandard1.2|Any CPU.ActiveCfg = Release|Any CPU
		{B5078871-4299-49ED-B921-3B5EBE57336A}.netstandard1.3|Any CPU.ActiveCfg = Release|Any CPU
		{B5078871-4299-49ED-B921-3B5EBE57336A}.netstandard1.4|Any CPU.ActiveCfg = Release|Any CPU
		{B5078871-4299-49ED-B921-3B5EBE57336A}.netstandard1.5|Any CPU.ActiveCfg = Release|Any CPU
		{B5078871-4299-49ED-B921-3B5EBE57336A}.netstandard1.6|Any CPU.ActiveCfg = Release|Any CPU
		{B5078871-4299-49ED-B921-3B5EBE57336A}.netstandard2.0|Any CPU.ActiveCfg = Release|Any CPU
		{B5078871-4299-49ED-B921-3B5EBE57336A}.Release|Any CPU.ActiveCfg = Release|Any CPU
		{B5078871-4299-49ED-B921-3B5EBE57336A}.Release|Any CPU.Build.0 = Release|Any CPU
	EndGlobalSection
	GlobalSection(SolutionProperties) = preSolution
		HideSolutionNode = FALSE
	EndGlobalSection
	GlobalSection(ExtensibilityGlobals) = postSolution
		SolutionGuid = {F5AA38E1-C41E-4316-B343-4FCF2F7EB4C7}
	EndGlobalSection
	GlobalSection(MonoDevelopProperties) = preSolution
		Policies = $0
		$0.TextStylePolicy = $9
		$9.FileWidth = 120
		$9.TabsToSpaces = False
		$9.inheritsSet = VisualStudio
		$9.inheritsScope = text/plain
		version = 1.0.2
	EndGlobalSection
EndGlobal
