
Microsoft Visual Studio Solution File, Format Version 12.00
# Visual Studio 14
VisualStudioVersion = 14.0.22823.1
MinimumVisualStudioVersion = 10.0.40219.1
Project("{FAE04EC0-301F-11D3-BF4B-00C04F79EFBC}") = "Core", "Core\Core.csproj", "{B5078871-4299-49ED-B921-3B5EBE57336A}"
EndProject
Project("{2150E333-8FDC-42A3-9474-1A3956D46DE8}") = "Solution Items", "Solution Items", "{BC4119EA-3064-4B66-9D17-0607867B870C}"
	ProjectSection(SolutionItems) = preProject
		build.bat = build.bat
		LICENSE.txt = LICENSE.txt
		readme.md = readme.md
	EndProjectSection
EndProject
Project("{FAE04EC0-301F-11D3-BF4B-00C04F79EFBC}") = "Tests", "Tests\Tests.csproj", "{F4C29B9E-2C6A-4556-9B90-A15841FF6F78}"
	ProjectSection(ProjectDependencies) = postProject
		{B5078871-4299-49ED-B921-3B5EBE57336A} = {B5078871-4299-49ED-B921-3B5EBE57336A}
	EndProjectSection
EndProject
Global
	GlobalSection(SolutionConfigurationPlatforms) = preSolution
		Debug_NET20|Any CPU = Debug_NET20|Any CPU
		Debug_NET30|Any CPU = Debug_NET30|Any CPU
		Debug_NET35|Any CPU = Debug_NET35|Any CPU
		Debug_NET40|Any CPU = Debug_NET40|Any CPU
		Debug_NET45|Any CPU = Debug_NET45|Any CPU
		Debug|Any CPU = Debug|Any CPU
		NET20_FAT|Any CPU = NET20_FAT|Any CPU
		NET20|Any CPU = NET20|Any CPU
		NET30_FAT|Any CPU = NET30_FAT|Any CPU
		NET30|Any CPU = NET30|Any CPU
		NET35_FAT|Any CPU = NET35_FAT|Any CPU
		NET35|Any CPU = NET35|Any CPU
		NET40_FAT|Any CPU = NET40_FAT|Any CPU
		NET40|Any CPU = NET40|Any CPU
		NET45_FAT|Any CPU = NET45_FAT|Any CPU
		NET45|Any CPU = NET45|Any CPU
		Release|Any CPU = Release|Any CPU
	EndGlobalSection
	GlobalSection(ProjectConfigurationPlatforms) = postSolution
		{B5078871-4299-49ED-B921-3B5EBE57336A}.Debug_NET20|Any CPU.ActiveCfg = Debug_NET20|Any CPU
		{B5078871-4299-49ED-B921-3B5EBE57336A}.Debug_NET20|Any CPU.Build.0 = Debug_NET20|Any CPU
		{B5078871-4299-49ED-B921-3B5EBE57336A}.Debug_NET30|Any CPU.ActiveCfg = Debug_NET30|Any CPU
		{B5078871-4299-49ED-B921-3B5EBE57336A}.Debug_NET30|Any CPU.Build.0 = Debug_NET30|Any CPU
		{B5078871-4299-49ED-B921-3B5EBE57336A}.Debug_NET35|Any CPU.ActiveCfg = Debug_NET35|Any CPU
		{B5078871-4299-49ED-B921-3B5EBE57336A}.Debug_NET35|Any CPU.Build.0 = Debug_NET35|Any CPU
		{B5078871-4299-49ED-B921-3B5EBE57336A}.Debug_NET40|Any CPU.ActiveCfg = Debug_NET40|Any CPU
		{B5078871-4299-49ED-B921-3B5EBE57336A}.Debug_NET40|Any CPU.Build.0 = Debug_NET40|Any CPU
		{B5078871-4299-49ED-B921-3B5EBE57336A}.Debug_NET45|Any CPU.ActiveCfg = Debug_NET45|Any CPU
		{B5078871-4299-49ED-B921-3B5EBE57336A}.Debug_NET45|Any CPU.Build.0 = Debug_NET45|Any CPU
		{B5078871-4299-49ED-B921-3B5EBE57336A}.Debug|Any CPU.ActiveCfg = Debug|Any CPU
		{B5078871-4299-49ED-B921-3B5EBE57336A}.Debug|Any CPU.Build.0 = Debug|Any CPU
		{B5078871-4299-49ED-B921-3B5EBE57336A}.NET20_FAT|Any CPU.ActiveCfg = NET20_FAT|Any CPU
		{B5078871-4299-49ED-B921-3B5EBE57336A}.NET20_FAT|Any CPU.Build.0 = NET20_FAT|Any CPU
		{B5078871-4299-49ED-B921-3B5EBE57336A}.NET20|Any CPU.ActiveCfg = NET20|Any CPU
		{B5078871-4299-49ED-B921-3B5EBE57336A}.NET20|Any CPU.Build.0 = NET20|Any CPU
		{B5078871-4299-49ED-B921-3B5EBE57336A}.NET30_FAT|Any CPU.ActiveCfg = NET30_FAT|Any CPU
		{B5078871-4299-49ED-B921-3B5EBE57336A}.NET30_FAT|Any CPU.Build.0 = NET30_FAT|Any CPU
		{B5078871-4299-49ED-B921-3B5EBE57336A}.NET30|Any CPU.ActiveCfg = NET30|Any CPU
		{B5078871-4299-49ED-B921-3B5EBE57336A}.NET30|Any CPU.Build.0 = NET30|Any CPU
		{B5078871-4299-49ED-B921-3B5EBE57336A}.NET35_FAT|Any CPU.ActiveCfg = NET35_FAT|Any CPU
		{B5078871-4299-49ED-B921-3B5EBE57336A}.NET35_FAT|Any CPU.Build.0 = NET35_FAT|Any CPU
		{B5078871-4299-49ED-B921-3B5EBE57336A}.NET35|Any CPU.ActiveCfg = NET35|Any CPU
		{B5078871-4299-49ED-B921-3B5EBE57336A}.NET35|Any CPU.Build.0 = NET35|Any CPU
		{B5078871-4299-49ED-B921-3B5EBE57336A}.NET40_FAT|Any CPU.ActiveCfg = NET40_FAT|Any CPU
		{B5078871-4299-49ED-B921-3B5EBE57336A}.NET40_FAT|Any CPU.Build.0 = NET40_FAT|Any CPU
		{B5078871-4299-49ED-B921-3B5EBE57336A}.NET40|Any CPU.ActiveCfg = NET40|Any CPU
		{B5078871-4299-49ED-B921-3B5EBE57336A}.NET40|Any CPU.Build.0 = NET40|Any CPU
		{B5078871-4299-49ED-B921-3B5EBE57336A}.NET45_FAT|Any CPU.ActiveCfg = NET45_FAT|Any CPU
		{B5078871-4299-49ED-B921-3B5EBE57336A}.NET45_FAT|Any CPU.Build.0 = NET45_FAT|Any CPU
		{B5078871-4299-49ED-B921-3B5EBE57336A}.NET45|Any CPU.ActiveCfg = NET45|Any CPU
		{B5078871-4299-49ED-B921-3B5EBE57336A}.NET45|Any CPU.Build.0 = NET45|Any CPU
		{B5078871-4299-49ED-B921-3B5EBE57336A}.Release|Any CPU.ActiveCfg = Release|Any CPU
		{B5078871-4299-49ED-B921-3B5EBE57336A}.Release|Any CPU.Build.0 = Release|Any CPU
		{F4C29B9E-2C6A-4556-9B90-A15841FF6F78}.Debug_NET20|Any CPU.ActiveCfg = Debug|Any CPU
		{F4C29B9E-2C6A-4556-9B90-A15841FF6F78}.Debug_NET30|Any CPU.ActiveCfg = Debug|Any CPU
		{F4C29B9E-2C6A-4556-9B90-A15841FF6F78}.Debug_NET35|Any CPU.ActiveCfg = Debug|Any CPU
		{F4C29B9E-2C6A-4556-9B90-A15841FF6F78}.Debug_NET40|Any CPU.ActiveCfg = Debug|Any CPU
		{F4C29B9E-2C6A-4556-9B90-A15841FF6F78}.Debug_NET45|Any CPU.ActiveCfg = Debug|Any CPU
		{F4C29B9E-2C6A-4556-9B90-A15841FF6F78}.Debug|Any CPU.ActiveCfg = Debug|Any CPU
		{F4C29B9E-2C6A-4556-9B90-A15841FF6F78}.Debug|Any CPU.Build.0 = Debug|Any CPU
		{F4C29B9E-2C6A-4556-9B90-A15841FF6F78}.NET20_FAT|Any CPU.ActiveCfg = Release|Any CPU
		{F4C29B9E-2C6A-4556-9B90-A15841FF6F78}.NET20|Any CPU.ActiveCfg = Release|Any CPU
		{F4C29B9E-2C6A-4556-9B90-A15841FF6F78}.NET30_FAT|Any CPU.ActiveCfg = Release|Any CPU
		{F4C29B9E-2C6A-4556-9B90-A15841FF6F78}.NET30|Any CPU.ActiveCfg = Release|Any CPU
		{F4C29B9E-2C6A-4556-9B90-A15841FF6F78}.NET35_FAT|Any CPU.ActiveCfg = Release|Any CPU
		{F4C29B9E-2C6A-4556-9B90-A15841FF6F78}.NET35|Any CPU.ActiveCfg = Release|Any CPU
		{F4C29B9E-2C6A-4556-9B90-A15841FF6F78}.NET40_FAT|Any CPU.ActiveCfg = Release|Any CPU
		{F4C29B9E-2C6A-4556-9B90-A15841FF6F78}.NET40|Any CPU.ActiveCfg = Release|Any CPU
		{F4C29B9E-2C6A-4556-9B90-A15841FF6F78}.NET45_FAT|Any CPU.ActiveCfg = Release|Any CPU
		{F4C29B9E-2C6A-4556-9B90-A15841FF6F78}.NET45|Any CPU.ActiveCfg = Release|Any CPU
		{F4C29B9E-2C6A-4556-9B90-A15841FF6F78}.Release|Any CPU.ActiveCfg = Release|Any CPU
	EndGlobalSection
	GlobalSection(SolutionProperties) = preSolution
		HideSolutionNode = FALSE
	EndGlobalSection
	GlobalSection(MonoDevelopProperties) = preSolution
		StartupItem = SharedTemplates\SharedTemplates.csproj
		Policies = $0
		$0.DotNetNamingPolicy = $1
		$1.DirectoryNamespaceAssociation = None
		$1.ResourceNamePolicy = FileFormatDefault
		$0.TextStylePolicy = $2
		$2.FileWidth = 120
		$2.TabsToSpaces = False
		$2.inheritsSet = VisualStudio
		$2.inheritsScope = text/plain
		$0.VersionControlPolicy = $3
		$3.inheritsSet = Mono
	EndGlobalSection
EndGlobal
